
Microsoft Visual Studio Solution File, Format Version 12.00
# Visual Studio Version 17
VisualStudioVersion = 17.9.34723.18
MinimumVisualStudioVersion = 10.0.40219.1
Project("{FAE04EC0-301F-11D3-BF4B-00C04F79EFBC}") = "iCargoUIAutomation", "iCargoUIAutomation.csproj", "{B6C703E4-2AA9-4841-8020-F1C37867F994}"
EndProject
Global
	GlobalSection(SolutionConfigurationPlatforms) = preSolution
		Debug|Any CPU = Debug|Any CPU
		Release|Any CPU = Release|Any CPU
	EndGlobalSection
	GlobalSection(ProjectConfigurationPlatforms) = postSolution
		{B6C703E4-2AA9-4841-8020-F1C37867F994}.Debug|Any CPU.ActiveCfg = Debug|Any CPU
		{B6C703E4-2AA9-4841-8020-F1C37867F994}.Debug|Any CPU.Build.0 = Debug|Any CPU
		{B6C703E4-2AA9-4841-8020-F1C37867F994}.Release|Any CPU.ActiveCfg = Release|Any CPU
		{B6C703E4-2AA9-4841-8020-F1C37867F994}.Release|Any CPU.Build.0 = Release|Any CPU
	EndGlobalSection
	GlobalSection(SolutionProperties) = preSolution
		HideSolutionNode = FALSE
	EndGlobalSection
	GlobalSection(ExtensibilityGlobals) = postSolution
		SolutionGuid = {A2230073-06EE-4983-A28E-32D51C1A04F7}
	EndGlobalSection
EndGlobal
